
Microsoft Visual Studio Solution File, Format Version 11.00
# Visual Studio 2010
Project("{FAE04EC0-301F-11D3-BF4B-00C04F79EFBC}") = "GetSharepointLists", "GetSharepointLists\GetSharepointLists.csproj", "{D642A094-9E11-4427-A9CA-2BEA4FA1D4AB}"
EndProject
Global
	GlobalSection(SolutionConfigurationPlatforms) = preSolution
		Debug|Any CPU = Debug|Any CPU
		Release|Any CPU = Release|Any CPU
	EndGlobalSection
	GlobalSection(ProjectConfigurationPlatforms) = postSolution
		{D642A094-9E11-4427-A9CA-2BEA4FA1D4AB}.Debug|Any CPU.ActiveCfg = Debug|Any CPU
		{D642A094-9E11-4427-A9CA-2BEA4FA1D4AB}.Debug|Any CPU.Build.0 = Debug|Any CPU
		{D642A094-9E11-4427-A9CA-2BEA4FA1D4AB}.Release|Any CPU.ActiveCfg = Release|Any CPU
		{D642A094-9E11-4427-A9CA-2BEA4FA1D4AB}.Release|Any CPU.Build.0 = Release|Any CPU
	EndGlobalSection
	GlobalSection(SolutionProperties) = preSolution
		HideSolutionNode = FALSE
	EndGlobalSection
EndGlobal
